
Microsoft Visual Studio Solution File, Format Version 12.00
# Visual Studio Version 17
VisualStudioVersion = 17.11.35327.3
MinimumVisualStudioVersion = 10.0.40219.1
Project("{2150E333-8FDC-42A3-9474-1A3956D46DE8}") = "Task0", "Task0", "{054DD33A-7C90-4CA7-AC6D-6F9053737CE7}"
EndProject
Project("{9A19103F-16F7-4668-BE54-9A1E7A4F7556}") = "Tyuiu.NazarenkoVV.Sprint6.Task0.V17.Lib", "Tyuiu.NazarenkoVV.Sprint6.Task0.V17.Lib\Tyuiu.NazarenkoVV.Sprint6.Task0.V17.Lib.csproj", "{77BD1F2C-352B-41BD-9DC1-BD4546F926B3}"
EndProject
Project("{9A19103F-16F7-4668-BE54-9A1E7A4F7556}") = "Tyuiu.NazarenkoVV.Sprint6.Task0.V17.Test", "Tyuiu.NazarenkoVV.Sprint6.Task0.V17.Test\Tyuiu.NazarenkoVV.Sprint6.Task0.V17.Test.csproj", "{3374B78C-495A-4ED2-A3D4-B450DF376D6B}"
EndProject
Project("{9A19103F-16F7-4668-BE54-9A1E7A4F7556}") = "Tyuiu.NazarenkoVV.Sprint6.Task0.V17", "Tyuiu.NazarenkoVV.Sprint6.Task0.V17\Tyuiu.NazarenkoVV.Sprint6.Task0.V17.csproj", "{57B34FA2-6FE7-40DC-B131-09C8D47DE6AA}"
EndProject
Project("{2150E333-8FDC-42A3-9474-1A3956D46DE8}") = "Task1", "Task1", "{E0B4904F-6986-4ADD-9B7A-75B6C17F881E}"
EndProject
Project("{9A19103F-16F7-4668-BE54-9A1E7A4F7556}") = "Tyuiu.NazarenkoVV.Sprint6.Task1.V10", "Tyuiu.NazarenkoVV.Sprint6.Task1.V10\Tyuiu.NazarenkoVV.Sprint6.Task1.V10.csproj", "{B08CB015-5656-4D34-8FFE-6252EDC9D3A2}"
EndProject
Project("{9A19103F-16F7-4668-BE54-9A1E7A4F7556}") = "Tyuiu.NazarenkoVV.Sprint6.Task1.V10.Lib", "Tyuiu.NazarenkoVV.Sprint6.Task1.V10.Lib\Tyuiu.NazarenkoVV.Sprint6.Task1.V10.Lib.csproj", "{128D0913-6294-4396-A56C-10D51A664BD1}"
EndProject
Project("{9A19103F-16F7-4668-BE54-9A1E7A4F7556}") = "Tyuiu.NazarenkoVV.Sprint6.Task1.V10.Test", "Tyuiu.NazarenkoVV.Sprint6.Task1.V10.Test\Tyuiu.NazarenkoVV.Sprint6.Task1.V10.Test.csproj", "{96F89D76-835C-4856-8990-F7E38F61496E}"
EndProject
Project("{2150E333-8FDC-42A3-9474-1A3956D46DE8}") = "Task2", "Task2", "{E3DDB2AD-D56C-4BF2-850C-FEFD601966E8}"
EndProject
Project("{9A19103F-16F7-4668-BE54-9A1E7A4F7556}") = "Tyuiu.NazarenkoVV.Sprint6.Task2.V19", "Tyuiu.NazarenkoVV.Sprint6.Task2.V19\Tyuiu.NazarenkoVV.Sprint6.Task2.V19.csproj", "{D157ECDA-FB2B-475C-9AEB-163B3AEA44E4}"
EndProject
Project("{9A19103F-16F7-4668-BE54-9A1E7A4F7556}") = "Tyuiu.NazarenkoVV.Sprint6.Task2.V19.Lib", "Tyuiu.NazarenkoVV.Sprint6.Task2.V19.Lib\Tyuiu.NazarenkoVV.Sprint6.Task2.V19.Lib.csproj", "{0A6C1FE1-CFD5-4EBE-B889-8BAB623F3186}"
EndProject
Project("{9A19103F-16F7-4668-BE54-9A1E7A4F7556}") = "Tyuiu.NazarenkoVV.Sprint6.Task2.V19.Test", "Tyuiu.NazarenkoVV.Sprint6.Task2.V19.Test\Tyuiu.NazarenkoVV.Sprint6.Task2.V19.Test.csproj", "{2FF837A4-E937-4FE5-ACCB-06C01FB9ABD6}"
EndProject
Project("{2150E333-8FDC-42A3-9474-1A3956D46DE8}") = "Task3", "Task3", "{CEA5A964-4C1C-4AE9-A97E-AD3614FAE18C}"
EndProject
Project("{FAE04EC0-301F-11D3-BF4B-00C04F79EFBC}") = "Tyuiu.NazarenkoVV.Sprint6.Task3.V20", "Tyuiu.NazarenkoVV.Sprint6.Task3.V20\Tyuiu.NazarenkoVV.Sprint6.Task3.V20.csproj", "{86C9AC7C-8B86-4111-8CE8-27BA85BF6AB4}"
EndProject
Project("{FAE04EC0-301F-11D3-BF4B-00C04F79EFBC}") = "Tyuiu.NazarenkoVV.Sprint6.Task3.V20.Lib", "Tyuiu.NazarenkoVV.Sprint6.Task3.V20.Lib\Tyuiu.NazarenkoVV.Sprint6.Task3.V20.Lib.csproj", "{63DD737A-68BA-4E87-A299-532562B53000}"
EndProject
Project("{FAE04EC0-301F-11D3-BF4B-00C04F79EFBC}") = "Tyuiu.NazarenkoVV.Sprint6.Task3.V20.Test", "Tyuiu.NazarenkoVV.Sprint6.Task3.V20.Test\Tyuiu.NazarenkoVV.Sprint6.Task3.V20.Test.csproj", "{0CA49EC8-1062-4447-A329-339E3C4E1709}"
EndProject
Project("{2150E333-8FDC-42A3-9474-1A3956D46DE8}") = "Task4", "Task4", "{0BEBCFAF-F197-4CD8-B186-991218FEA286}"
EndProject
Project("{FAE04EC0-301F-11D3-BF4B-00C04F79EFBC}") = "Tyuiu.NazarenkoVV.Sprint6.Task4.V18", "Tyuiu.NazarenkoVV.Sprint6.Task4.V18\Tyuiu.NazarenkoVV.Sprint6.Task4.V18.csproj", "{A0035ADA-F49A-44D1-8EF5-F7F80529DFDF}"
EndProject
Project("{FAE04EC0-301F-11D3-BF4B-00C04F79EFBC}") = "Tyuiu.NazarenkoVV.Sprint6.Task4.V18.Lib", "Tyuiu.NazarenkoVV.Sprint6.Task4.V18.Lib\Tyuiu.NazarenkoVV.Sprint6.Task4.V18.Lib.csproj", "{4FEBC925-A083-4CD9-BA3E-FD9648AC4549}"
EndProject
Project("{FAE04EC0-301F-11D3-BF4B-00C04F79EFBC}") = "Tyuiu.NazarenkoVV.Sprint6.Task4.V18.Test", "Tyuiu.NazarenkoVV.Sprint6.Task4.V18.Test\Tyuiu.NazarenkoVV.Sprint6.Task4.V18.Test.csproj", "{867786F7-1258-4DC5-9C30-187DCD5D6346}"
EndProject
Project("{2150E333-8FDC-42A3-9474-1A3956D46DE8}") = "Task5", "Task5", "{DC80045C-D90B-43C4-BB14-22ABBC6BDC3C}"
EndProject
Project("{FAE04EC0-301F-11D3-BF4B-00C04F79EFBC}") = "Tyuiu.NazarenkoVV.Sprint6.Task5.V21", "Tyuiu.NazarenkoVV.Sprint6.Task5.V21\Tyuiu.NazarenkoVV.Sprint6.Task5.V21.csproj", "{7546D2DF-F48D-46CD-8880-6D39BEB55F7B}"
EndProject
Project("{FAE04EC0-301F-11D3-BF4B-00C04F79EFBC}") = "Tyuiu.NazarenkoVV.Sprint6.Task5.V21.Lib", "Tyuiu.NazarenkoVV.Sprint6.Task5.V21.Lib\Tyuiu.NazarenkoVV.Sprint6.Task5.V21.Lib.csproj", "{61ED3F66-E29E-4CDC-AAE7-5C0CEC8F86C4}"
EndProject
Project("{FAE04EC0-301F-11D3-BF4B-00C04F79EFBC}") = "Tyuiu.NazarenkoVV.Sprint6.Task5.V21.Test", "Tyuiu.NazarenkoVV.Sprint6.Task5.V21.Test\Tyuiu.NazarenkoVV.Sprint6.Task5.V21.Test.csproj", "{CB1878FC-5E34-4BDE-B82B-EF7A174B4FC7}"
EndProject
Project("{2150E333-8FDC-42A3-9474-1A3956D46DE8}") = "Task6", "Task6", "{1E519CEF-FE9C-4E43-AD2A-6469D3C13649}"
EndProject
Project("{FAE04EC0-301F-11D3-BF4B-00C04F79EFBC}") = "Tyuiu.NazarenkoVV.Sprint6.Task6.V23", "Tyuiu.NazarenkoVV.Sprint6.Task6.V23\Tyuiu.NazarenkoVV.Sprint6.Task6.V23.csproj", "{267CCFC5-897D-4684-A212-7313E5660C1E}"
EndProject
Project("{FAE04EC0-301F-11D3-BF4B-00C04F79EFBC}") = "Tyuiu.NazarenkoVV.Sprint6.Task6.V23.Lib", "Tyuiu.NazarenkoVV.Sprint6.Task6.V23.Lib\Tyuiu.NazarenkoVV.Sprint6.Task6.V23.Lib.csproj", "{A2EB398F-F7C7-4AF8-A326-814035577FDA}"
EndProject
Project("{FAE04EC0-301F-11D3-BF4B-00C04F79EFBC}") = "Tyuiu.NazarenkoVV.Sprint6.Task6.V23.Test", "Tyuiu.NazarenkoVV.Sprint6.Task6.V23.Test\Tyuiu.NazarenkoVV.Sprint6.Task6.V23.Test.csproj", "{7F0B1DB5-5695-415F-835F-15F5296718A3}"
EndProject
Global
	GlobalSection(SolutionConfigurationPlatforms) = preSolution
		Debug|Any CPU = Debug|Any CPU
		Release|Any CPU = Release|Any CPU
	EndGlobalSection
	GlobalSection(ProjectConfigurationPlatforms) = postSolution
		{77BD1F2C-352B-41BD-9DC1-BD4546F926B3}.Debug|Any CPU.ActiveCfg = Debug|Any CPU
		{77BD1F2C-352B-41BD-9DC1-BD4546F926B3}.Debug|Any CPU.Build.0 = Debug|Any CPU
		{77BD1F2C-352B-41BD-9DC1-BD4546F926B3}.Release|Any CPU.ActiveCfg = Release|Any CPU
		{77BD1F2C-352B-41BD-9DC1-BD4546F926B3}.Release|Any CPU.Build.0 = Release|Any CPU
		{3374B78C-495A-4ED2-A3D4-B450DF376D6B}.Debug|Any CPU.ActiveCfg = Debug|Any CPU
		{3374B78C-495A-4ED2-A3D4-B450DF376D6B}.Debug|Any CPU.Build.0 = Debug|Any CPU
		{3374B78C-495A-4ED2-A3D4-B450DF376D6B}.Release|Any CPU.ActiveCfg = Release|Any CPU
		{3374B78C-495A-4ED2-A3D4-B450DF376D6B}.Release|Any CPU.Build.0 = Release|Any CPU
		{57B34FA2-6FE7-40DC-B131-09C8D47DE6AA}.Debug|Any CPU.ActiveCfg = Debug|Any CPU
		{57B34FA2-6FE7-40DC-B131-09C8D47DE6AA}.Debug|Any CPU.Build.0 = Debug|Any CPU
		{57B34FA2-6FE7-40DC-B131-09C8D47DE6AA}.Release|Any CPU.ActiveCfg = Release|Any CPU
		{57B34FA2-6FE7-40DC-B131-09C8D47DE6AA}.Release|Any CPU.Build.0 = Release|Any CPU
		{B08CB015-5656-4D34-8FFE-6252EDC9D3A2}.Debug|Any CPU.ActiveCfg = Debug|Any CPU
		{B08CB015-5656-4D34-8FFE-6252EDC9D3A2}.Debug|Any CPU.Build.0 = Debug|Any CPU
		{B08CB015-5656-4D34-8FFE-6252EDC9D3A2}.Release|Any CPU.ActiveCfg = Release|Any CPU
		{B08CB015-5656-4D34-8FFE-6252EDC9D3A2}.Release|Any CPU.Build.0 = Release|Any CPU
		{128D0913-6294-4396-A56C-10D51A664BD1}.Debug|Any CPU.ActiveCfg = Debug|Any CPU
		{128D0913-6294-4396-A56C-10D51A664BD1}.Debug|Any CPU.Build.0 = Debug|Any CPU
		{128D0913-6294-4396-A56C-10D51A664BD1}.Release|Any CPU.ActiveCfg = Release|Any CPU
		{128D0913-6294-4396-A56C-10D51A664BD1}.Release|Any CPU.Build.0 = Release|Any CPU
		{96F89D76-835C-4856-8990-F7E38F61496E}.Debug|Any CPU.ActiveCfg = Debug|Any CPU
		{96F89D76-835C-4856-8990-F7E38F61496E}.Debug|Any CPU.Build.0 = Debug|Any CPU
		{96F89D76-835C-4856-8990-F7E38F61496E}.Release|Any CPU.ActiveCfg = Release|Any CPU
		{96F89D76-835C-4856-8990-F7E38F61496E}.Release|Any CPU.Build.0 = Release|Any CPU
		{D157ECDA-FB2B-475C-9AEB-163B3AEA44E4}.Debug|Any CPU.ActiveCfg = Debug|Any CPU
		{D157ECDA-FB2B-475C-9AEB-163B3AEA44E4}.Debug|Any CPU.Build.0 = Debug|Any CPU
		{D157ECDA-FB2B-475C-9AEB-163B3AEA44E4}.Release|Any CPU.ActiveCfg = Release|Any CPU
		{D157ECDA-FB2B-475C-9AEB-163B3AEA44E4}.Release|Any CPU.Build.0 = Release|Any CPU
		{0A6C1FE1-CFD5-4EBE-B889-8BAB623F3186}.Debug|Any CPU.ActiveCfg = Debug|Any CPU
		{0A6C1FE1-CFD5-4EBE-B889-8BAB623F3186}.Debug|Any CPU.Build.0 = Debug|Any CPU
		{0A6C1FE1-CFD5-4EBE-B889-8BAB623F3186}.Release|Any CPU.ActiveCfg = Release|Any CPU
		{0A6C1FE1-CFD5-4EBE-B889-8BAB623F3186}.Release|Any CPU.Build.0 = Release|Any CPU
		{2FF837A4-E937-4FE5-ACCB-06C01FB9ABD6}.Debug|Any CPU.ActiveCfg = Debug|Any CPU
		{2FF837A4-E937-4FE5-ACCB-06C01FB9ABD6}.Debug|Any CPU.Build.0 = Debug|Any CPU
		{2FF837A4-E937-4FE5-ACCB-06C01FB9ABD6}.Release|Any CPU.ActiveCfg = Release|Any CPU
		{2FF837A4-E937-4FE5-ACCB-06C01FB9ABD6}.Release|Any CPU.Build.0 = Release|Any CPU
		{86C9AC7C-8B86-4111-8CE8-27BA85BF6AB4}.Debug|Any CPU.ActiveCfg = Debug|Any CPU
		{86C9AC7C-8B86-4111-8CE8-27BA85BF6AB4}.Debug|Any CPU.Build.0 = Debug|Any CPU
		{86C9AC7C-8B86-4111-8CE8-27BA85BF6AB4}.Release|Any CPU.ActiveCfg = Release|Any CPU
		{86C9AC7C-8B86-4111-8CE8-27BA85BF6AB4}.Release|Any CPU.Build.0 = Release|Any CPU
		{63DD737A-68BA-4E87-A299-532562B53000}.Debug|Any CPU.ActiveCfg = Debug|Any CPU
		{63DD737A-68BA-4E87-A299-532562B53000}.Debug|Any CPU.Build.0 = Debug|Any CPU
		{63DD737A-68BA-4E87-A299-532562B53000}.Release|Any CPU.ActiveCfg = Release|Any CPU
		{63DD737A-68BA-4E87-A299-532562B53000}.Release|Any CPU.Build.0 = Release|Any CPU
		{0CA49EC8-1062-4447-A329-339E3C4E1709}.Debug|Any CPU.ActiveCfg = Debug|Any CPU
		{0CA49EC8-1062-4447-A329-339E3C4E1709}.Debug|Any CPU.Build.0 = Debug|Any CPU
		{0CA49EC8-1062-4447-A329-339E3C4E1709}.Release|Any CPU.ActiveCfg = Release|Any CPU
		{0CA49EC8-1062-4447-A329-339E3C4E1709}.Release|Any CPU.Build.0 = Release|Any CPU
		{A0035ADA-F49A-44D1-8EF5-F7F80529DFDF}.Debug|Any CPU.ActiveCfg = Debug|Any CPU
		{A0035ADA-F49A-44D1-8EF5-F7F80529DFDF}.Debug|Any CPU.Build.0 = Debug|Any CPU
		{A0035ADA-F49A-44D1-8EF5-F7F80529DFDF}.Release|Any CPU.ActiveCfg = Release|Any CPU
		{A0035ADA-F49A-44D1-8EF5-F7F80529DFDF}.Release|Any CPU.Build.0 = Release|Any CPU
		{4FEBC925-A083-4CD9-BA3E-FD9648AC4549}.Debug|Any CPU.ActiveCfg = Debug|Any CPU
		{4FEBC925-A083-4CD9-BA3E-FD9648AC4549}.Debug|Any CPU.Build.0 = Debug|Any CPU
		{4FEBC925-A083-4CD9-BA3E-FD9648AC4549}.Release|Any CPU.ActiveCfg = Release|Any CPU
		{4FEBC925-A083-4CD9-BA3E-FD9648AC4549}.Release|Any CPU.Build.0 = Release|Any CPU
		{867786F7-1258-4DC5-9C30-187DCD5D6346}.Debug|Any CPU.ActiveCfg = Debug|Any CPU
		{867786F7-1258-4DC5-9C30-187DCD5D6346}.Debug|Any CPU.Build.0 = Debug|Any CPU
		{867786F7-1258-4DC5-9C30-187DCD5D6346}.Release|Any CPU.ActiveCfg = Release|Any CPU
		{867786F7-1258-4DC5-9C30-187DCD5D6346}.Release|Any CPU.Build.0 = Release|Any CPU
		{7546D2DF-F48D-46CD-8880-6D39BEB55F7B}.Debug|Any CPU.ActiveCfg = Debug|Any CPU
		{7546D2DF-F48D-46CD-8880-6D39BEB55F7B}.Debug|Any CPU.Build.0 = Debug|Any CPU
		{7546D2DF-F48D-46CD-8880-6D39BEB55F7B}.Release|Any CPU.ActiveCfg = Release|Any CPU
		{7546D2DF-F48D-46CD-8880-6D39BEB55F7B}.Release|Any CPU.Build.0 = Release|Any CPU
		{61ED3F66-E29E-4CDC-AAE7-5C0CEC8F86C4}.Debug|Any CPU.ActiveCfg = Debug|Any CPU
		{61ED3F66-E29E-4CDC-AAE7-5C0CEC8F86C4}.Debug|Any CPU.Build.0 = Debug|Any CPU
		{61ED3F66-E29E-4CDC-AAE7-5C0CEC8F86C4}.Release|Any CPU.ActiveCfg = Release|Any CPU
		{61ED3F66-E29E-4CDC-AAE7-5C0CEC8F86C4}.Release|Any CPU.Build.0 = Release|Any CPU
		{CB1878FC-5E34-4BDE-B82B-EF7A174B4FC7}.Debug|Any CPU.ActiveCfg = Debug|Any CPU
		{CB1878FC-5E34-4BDE-B82B-EF7A174B4FC7}.Debug|Any CPU.Build.0 = Debug|Any CPU
		{CB1878FC-5E34-4BDE-B82B-EF7A174B4FC7}.Release|Any CPU.ActiveCfg = Release|Any CPU
		{CB1878FC-5E34-4BDE-B82B-EF7A174B4FC7}.Release|Any CPU.Build.0 = Release|Any CPU
		{267CCFC5-897D-4684-A212-7313E5660C1E}.Debug|Any CPU.ActiveCfg = Debug|Any CPU
		{267CCFC5-897D-4684-A212-7313E5660C1E}.Debug|Any CPU.Build.0 = Debug|Any CPU
		{267CCFC5-897D-4684-A212-7313E5660C1E}.Release|Any CPU.ActiveCfg = Release|Any CPU
		{267CCFC5-897D-4684-A212-7313E5660C1E}.Release|Any CPU.Build.0 = Release|Any CPU
		{A2EB398F-F7C7-4AF8-A326-814035577FDA}.Debug|Any CPU.ActiveCfg = Debug|Any CPU
		{A2EB398F-F7C7-4AF8-A326-814035577FDA}.Debug|Any CPU.Build.0 = Debug|Any CPU
		{A2EB398F-F7C7-4AF8-A326-814035577FDA}.Release|Any CPU.ActiveCfg = Release|Any CPU
		{A2EB398F-F7C7-4AF8-A326-814035577FDA}.Release|Any CPU.Build.0 = Release|Any CPU
		{7F0B1DB5-5695-415F-835F-15F5296718A3}.Debug|Any CPU.ActiveCfg = Debug|Any CPU
		{7F0B1DB5-5695-415F-835F-15F5296718A3}.Debug|Any CPU.Build.0 = Debug|Any CPU
		{7F0B1DB5-5695-415F-835F-15F5296718A3}.Release|Any CPU.ActiveCfg = Release|Any CPU
		{7F0B1DB5-5695-415F-835F-15F5296718A3}.Release|Any CPU.Build.0 = Release|Any CPU
	EndGlobalSection
	GlobalSection(SolutionProperties) = preSolution
		HideSolutionNode = FALSE
	EndGlobalSection
	GlobalSection(NestedProjects) = preSolution
		{77BD1F2C-352B-41BD-9DC1-BD4546F926B3} = {054DD33A-7C90-4CA7-AC6D-6F9053737CE7}
		{3374B78C-495A-4ED2-A3D4-B450DF376D6B} = {054DD33A-7C90-4CA7-AC6D-6F9053737CE7}
		{57B34FA2-6FE7-40DC-B131-09C8D47DE6AA} = {054DD33A-7C90-4CA7-AC6D-6F9053737CE7}
		{B08CB015-5656-4D34-8FFE-6252EDC9D3A2} = {E0B4904F-6986-4ADD-9B7A-75B6C17F881E}
		{96F89D76-835C-4856-8990-F7E38F61496E} = {E0B4904F-6986-4ADD-9B7A-75B6C17F881E}
		{D157ECDA-FB2B-475C-9AEB-163B3AEA44E4} = {E3DDB2AD-D56C-4BF2-850C-FEFD601966E8}
		{2FF837A4-E937-4FE5-ACCB-06C01FB9ABD6} = {E3DDB2AD-D56C-4BF2-850C-FEFD601966E8}
		{86C9AC7C-8B86-4111-8CE8-27BA85BF6AB4} = {CEA5A964-4C1C-4AE9-A97E-AD3614FAE18C}
		{63DD737A-68BA-4E87-A299-532562B53000} = {CEA5A964-4C1C-4AE9-A97E-AD3614FAE18C}
		{0CA49EC8-1062-4447-A329-339E3C4E1709} = {CEA5A964-4C1C-4AE9-A97E-AD3614FAE18C}
		{A0035ADA-F49A-44D1-8EF5-F7F80529DFDF} = {0BEBCFAF-F197-4CD8-B186-991218FEA286}
		{867786F7-1258-4DC5-9C30-187DCD5D6346} = {0BEBCFAF-F197-4CD8-B186-991218FEA286}
		{7546D2DF-F48D-46CD-8880-6D39BEB55F7B} = {DC80045C-D90B-43C4-BB14-22ABBC6BDC3C}
		{61ED3F66-E29E-4CDC-AAE7-5C0CEC8F86C4} = {DC80045C-D90B-43C4-BB14-22ABBC6BDC3C}
		{CB1878FC-5E34-4BDE-B82B-EF7A174B4FC7} = {DC80045C-D90B-43C4-BB14-22ABBC6BDC3C}
		{267CCFC5-897D-4684-A212-7313E5660C1E} = {1E519CEF-FE9C-4E43-AD2A-6469D3C13649}
		{A2EB398F-F7C7-4AF8-A326-814035577FDA} = {1E519CEF-FE9C-4E43-AD2A-6469D3C13649}
		{7F0B1DB5-5695-415F-835F-15F5296718A3} = {1E519CEF-FE9C-4E43-AD2A-6469D3C13649}
	EndGlobalSection
	GlobalSection(ExtensibilityGlobals) = postSolution
		SolutionGuid = {E174FDAA-5BB0-4769-8DA5-41065409EB02}
	EndGlobalSection
EndGlobal
